// !$*UTF8*$!
{
	archiveVersion = 1;
	classes = {
	};
	objectVersion = 50;
	objects = {

/* Begin PBXBuildFile section */
		37F3BD396C592EE6AC875343 /* Pods_MultilinesTests.framework in Frameworks */ = {isa = PBXBuildFile; fileRef = 5BB6BEE45A9276E2EB0DCD27 /* Pods_MultilinesTests.framework */; };
		53C04A8F22AFA19100AE214A /* AppDelegate.swift in Sources */ = {isa = PBXBuildFile; fileRef = 53C04A8E22AFA19100AE214A /* AppDelegate.swift */; };
		53C04A9122AFA19100AE214A /* ViewController.swift in Sources */ = {isa = PBXBuildFile; fileRef = 53C04A9022AFA19100AE214A /* ViewController.swift */; };
		53C04A9622AFA19300AE214A /* Assets.xcassets in Resources */ = {isa = PBXBuildFile; fileRef = 53C04A9522AFA19300AE214A /* Assets.xcassets */; };
		53C04A9922AFA19300AE214A /* LaunchScreen.storyboard in Resources */ = {isa = PBXBuildFile; fileRef = 53C04A9722AFA19300AE214A /* LaunchScreen.storyboard */; };
		53C04AA422AFA19300AE214A /* MultilinesTests.swift in Sources */ = {isa = PBXBuildFile; fileRef = 53C04AA322AFA19300AE214A /* MultilinesTests.swift */; };
		53C04AAF22AFA19300AE214A /* MultilinesUITests.swift in Sources */ = {isa = PBXBuildFile; fileRef = 53C04AAE22AFA19300AE214A /* MultilinesUITests.swift */; };
		AC980EC916EAAD87EE21CF7F /* Pods_Multilines.framework in Frameworks */ = {isa = PBXBuildFile; fileRef = 53B51DF143DFBCD5D87E5A2A /* Pods_Multilines.framework */; };
		CA38215ADD1D78CFE64D8D8D /* Pods_MultilinesUITests.framework in Frameworks */ = {isa = PBXBuildFile; fileRef = A5ECCAA286A6C005A1C118C9 /* Pods_MultilinesUITests.framework */; };
/* End PBXBuildFile section */

/* Begin PBXContainerItemProxy section */
		53C04AA022AFA19300AE214A /* PBXContainerItemProxy */ = {
			isa = PBXContainerItemProxy;
			containerPortal = 53C04A8322AFA19100AE214A /* Project object */;
			proxyType = 1;
			remoteGlobalIDString = 53C04A8A22AFA19100AE214A;
			remoteInfo = Multilines;
		};
		53C04AAB22AFA19300AE214A /* PBXContainerItemProxy */ = {
			isa = PBXContainerItemProxy;
			containerPortal = 53C04A8322AFA19100AE214A /* Project object */;
			proxyType = 1;
			remoteGlobalIDString = 53C04A8A22AFA19100AE214A;
			remoteInfo = Multilines;
		};
/* End PBXContainerItemProxy section */

/* Begin PBXFileReference section */
		333D78875F6B4A3C1AE30F4B /* Pods-MultilinesUITests.release.xcconfig */ = {isa = PBXFileReference; includeInIndex = 1; lastKnownFileType = text.xcconfig; name = "Pods-MultilinesUITests.release.xcconfig"; path = "Target Support Files/Pods-MultilinesUITests/Pods-MultilinesUITests.release.xcconfig"; sourceTree = "<group>"; };
		3A3E7A38635ED8D870C66485 /* Pods-Multilines.debug.xcconfig */ = {isa = PBXFileReference; includeInIndex = 1; lastKnownFileType = text.xcconfig; name = "Pods-Multilines.debug.xcconfig"; path = "Target Support Files/Pods-Multilines/Pods-Multilines.debug.xcconfig"; sourceTree = "<group>"; };
		53B51DF143DFBCD5D87E5A2A /* Pods_Multilines.framework */ = {isa = PBXFileReference; explicitFileType = wrapper.framework; includeInIndex = 0; path = Pods_Multilines.framework; sourceTree = BUILT_PRODUCTS_DIR; };
		53C04A8B22AFA19100AE214A /* Multilines.app */ = {isa = PBXFileReference; explicitFileType = wrapper.application; includeInIndex = 0; path = Multilines.app; sourceTree = BUILT_PRODUCTS_DIR; };
		53C04A8E22AFA19100AE214A /* AppDelegate.swift */ = {isa = PBXFileReference; lastKnownFileType = sourcecode.swift; path = AppDelegate.swift; sourceTree = "<group>"; };
		53C04A9022AFA19100AE214A /* ViewController.swift */ = {isa = PBXFileReference; lastKnownFileType = sourcecode.swift; path = ViewController.swift; sourceTree = "<group>"; };
		53C04A9522AFA19300AE214A /* Assets.xcassets */ = {isa = PBXFileReference; lastKnownFileType = folder.assetcatalog; path = Assets.xcassets; sourceTree = "<group>"; };
		53C04A9822AFA19300AE214A /* Base */ = {isa = PBXFileReference; lastKnownFileType = file.storyboard; name = Base; path = Base.lproj/LaunchScreen.storyboard; sourceTree = "<group>"; };
		53C04A9A22AFA19300AE214A /* Info.plist */ = {isa = PBXFileReference; lastKnownFileType = text.plist.xml; path = Info.plist; sourceTree = "<group>"; };
		53C04A9F22AFA19300AE214A /* MultilinesTests.xctest */ = {isa = PBXFileReference; explicitFileType = wrapper.cfbundle; includeInIndex = 0; path = MultilinesTests.xctest; sourceTree = BUILT_PRODUCTS_DIR; };
		53C04AA322AFA19300AE214A /* MultilinesTests.swift */ = {isa = PBXFileReference; lastKnownFileType = sourcecode.swift; path = MultilinesTests.swift; sourceTree = "<group>"; };
		53C04AA522AFA19300AE214A /* Info.plist */ = {isa = PBXFileReference; lastKnownFileType = text.plist.xml; path = Info.plist; sourceTree = "<group>"; };
		53C04AAA22AFA19300AE214A /* MultilinesUITests.xctest */ = {isa = PBXFileReference; explicitFileType = wrapper.cfbundle; includeInIndex = 0; path = MultilinesUITests.xctest; sourceTree = BUILT_PRODUCTS_DIR; };
		53C04AAE22AFA19300AE214A /* MultilinesUITests.swift */ = {isa = PBXFileReference; lastKnownFileType = sourcecode.swift; path = MultilinesUITests.swift; sourceTree = "<group>"; };
		53C04AB022AFA19300AE214A /* Info.plist */ = {isa = PBXFileReference; lastKnownFileType = text.plist.xml; path = Info.plist; sourceTree = "<group>"; };
		5BB6BEE45A9276E2EB0DCD27 /* Pods_MultilinesTests.framework */ = {isa = PBXFileReference; explicitFileType = wrapper.framework; includeInIndex = 0; path = Pods_MultilinesTests.framework; sourceTree = BUILT_PRODUCTS_DIR; };
		830358BA821459FF07FE0510 /* Pods-MultilinesTests.release.xcconfig */ = {isa = PBXFileReference; includeInIndex = 1; lastKnownFileType = text.xcconfig; name = "Pods-MultilinesTests.release.xcconfig"; path = "Target Support Files/Pods-MultilinesTests/Pods-MultilinesTests.release.xcconfig"; sourceTree = "<group>"; };
		8FE7C343D234D6D197B67005 /* Pods-Multilines.release.xcconfig */ = {isa = PBXFileReference; includeInIndex = 1; lastKnownFileType = text.xcconfig; name = "Pods-Multilines.release.xcconfig"; path = "Target Support Files/Pods-Multilines/Pods-Multilines.release.xcconfig"; sourceTree = "<group>"; };
		A5ECCAA286A6C005A1C118C9 /* Pods_MultilinesUITests.framework */ = {isa = PBXFileReference; explicitFileType = wrapper.framework; includeInIndex = 0; path = Pods_MultilinesUITests.framework; sourceTree = BUILT_PRODUCTS_DIR; };
		AEB18F77F9436F5979D94D37 /* Pods-MultilinesUITests.debug.xcconfig */ = {isa = PBXFileReference; includeInIndex = 1; lastKnownFileType = text.xcconfig; name = "Pods-MultilinesUITests.debug.xcconfig"; path = "Target Support Files/Pods-MultilinesUITests/Pods-MultilinesUITests.debug.xcconfig"; sourceTree = "<group>"; };
		E6576B8E404ACDDF11791A1D /* Pods-MultilinesTests.debug.xcconfig */ = {isa = PBXFileReference; includeInIndex = 1; lastKnownFileType = text.xcconfig; name = "Pods-MultilinesTests.debug.xcconfig"; path = "Target Support Files/Pods-MultilinesTests/Pods-MultilinesTests.debug.xcconfig"; sourceTree = "<group>"; };
/* End PBXFileReference section */

/* Begin PBXFrameworksBuildPhase section */
		53C04A8822AFA19100AE214A /* Frameworks */ = {
			isa = PBXFrameworksBuildPhase;
			buildActionMask = 2147483647;
			files = (
				AC980EC916EAAD87EE21CF7F /* Pods_Multilines.framework in Frameworks */,
			);
			runOnlyForDeploymentPostprocessing = 0;
		};
		53C04A9C22AFA19300AE214A /* Frameworks */ = {
			isa = PBXFrameworksBuildPhase;
			buildActionMask = 2147483647;
			files = (
				37F3BD396C592EE6AC875343 /* Pods_MultilinesTests.framework in Frameworks */,
			);
			runOnlyForDeploymentPostprocessing = 0;
		};
		53C04AA722AFA19300AE214A /* Frameworks */ = {
			isa = PBXFrameworksBuildPhase;
			buildActionMask = 2147483647;
			files = (
				CA38215ADD1D78CFE64D8D8D /* Pods_MultilinesUITests.framework in Frameworks */,
			);
			runOnlyForDeploymentPostprocessing = 0;
		};
/* End PBXFrameworksBuildPhase section */

/* Begin PBXGroup section */
		268EF14D90F2B0F32C8212A5 /* Frameworks */ = {
			isa = PBXGroup;
			children = (
				53B51DF143DFBCD5D87E5A2A /* Pods_Multilines.framework */,
				5BB6BEE45A9276E2EB0DCD27 /* Pods_MultilinesTests.framework */,
				A5ECCAA286A6C005A1C118C9 /* Pods_MultilinesUITests.framework */,
			);
			name = Frameworks;
			sourceTree = "<group>";
		};
		53C04A8222AFA19100AE214A = {
			isa = PBXGroup;
			children = (
				53C04A8D22AFA19100AE214A /* Multilines */,
				53C04AA222AFA19300AE214A /* MultilinesTests */,
				53C04AAD22AFA19300AE214A /* MultilinesUITests */,
				53C04A8C22AFA19100AE214A /* Products */,
				F69BB54FD6C166A7B17D7FF1 /* Pods */,
				268EF14D90F2B0F32C8212A5 /* Frameworks */,
			);
			sourceTree = "<group>";
		};
		53C04A8C22AFA19100AE214A /* Products */ = {
			isa = PBXGroup;
			children = (
				53C04A8B22AFA19100AE214A /* Multilines.app */,
				53C04A9F22AFA19300AE214A /* MultilinesTests.xctest */,
				53C04AAA22AFA19300AE214A /* MultilinesUITests.xctest */,
			);
			name = Products;
			sourceTree = "<group>";
		};
		53C04A8D22AFA19100AE214A /* Multilines */ = {
			isa = PBXGroup;
			children = (
				53C04A8E22AFA19100AE214A /* AppDelegate.swift */,
				53C04A9022AFA19100AE214A /* ViewController.swift */,
				53C04A9522AFA19300AE214A /* Assets.xcassets */,
				53C04A9722AFA19300AE214A /* LaunchScreen.storyboard */,
				53C04A9A22AFA19300AE214A /* Info.plist */,
			);
			path = Multilines;
			sourceTree = "<group>";
		};
		53C04AA222AFA19300AE214A /* MultilinesTests */ = {
			isa = PBXGroup;
			children = (
				53C04AA322AFA19300AE214A /* MultilinesTests.swift */,
				53C04AA522AFA19300AE214A /* Info.plist */,
			);
			path = MultilinesTests;
			sourceTree = "<group>";
		};
		53C04AAD22AFA19300AE214A /* MultilinesUITests */ = {
			isa = PBXGroup;
			children = (
				53C04AAE22AFA19300AE214A /* MultilinesUITests.swift */,
				53C04AB022AFA19300AE214A /* Info.plist */,
			);
			path = MultilinesUITests;
			sourceTree = "<group>";
		};
		F69BB54FD6C166A7B17D7FF1 /* Pods */ = {
			isa = PBXGroup;
			children = (
				3A3E7A38635ED8D870C66485 /* Pods-Multilines.debug.xcconfig */,
				8FE7C343D234D6D197B67005 /* Pods-Multilines.release.xcconfig */,
				E6576B8E404ACDDF11791A1D /* Pods-MultilinesTests.debug.xcconfig */,
				830358BA821459FF07FE0510 /* Pods-MultilinesTests.release.xcconfig */,
				AEB18F77F9436F5979D94D37 /* Pods-MultilinesUITests.debug.xcconfig */,
				333D78875F6B4A3C1AE30F4B /* Pods-MultilinesUITests.release.xcconfig */,
			);
			path = Pods;
			sourceTree = "<group>";
		};
/* End PBXGroup section */

/* Begin PBXNativeTarget section */
		53C04A8A22AFA19100AE214A /* Multilines */ = {
			isa = PBXNativeTarget;
			buildConfigurationList = 53C04AB322AFA19300AE214A /* Build configuration list for PBXNativeTarget "Multilines" */;
			buildPhases = (
				5F409239B8A80B7A8D99EA1F /* [CP] Check Pods Manifest.lock */,
				53C04A8722AFA19100AE214A /* Sources */,
				53C04A8822AFA19100AE214A /* Frameworks */,
				53C04A8922AFA19100AE214A /* Resources */,
				FEFFCE85745BEADB4872CB89 /* [CP] Embed Pods Frameworks */,
			);
			buildRules = (
			);
			dependencies = (
			);
			name = Multilines;
			productName = Multilines;
			productReference = 53C04A8B22AFA19100AE214A /* Multilines.app */;
			productType = "com.apple.product-type.application";
		};
		53C04A9E22AFA19300AE214A /* MultilinesTests */ = {
			isa = PBXNativeTarget;
			buildConfigurationList = 53C04AB622AFA19300AE214A /* Build configuration list for PBXNativeTarget "MultilinesTests" */;
			buildPhases = (
				D747899809579F7416EFD800 /* [CP] Check Pods Manifest.lock */,
				53C04A9B22AFA19300AE214A /* Sources */,
				53C04A9C22AFA19300AE214A /* Frameworks */,
				53C04A9D22AFA19300AE214A /* Resources */,
			);
			buildRules = (
			);
			dependencies = (
				53C04AA122AFA19300AE214A /* PBXTargetDependency */,
			);
			name = MultilinesTests;
			productName = MultilinesTests;
			productReference = 53C04A9F22AFA19300AE214A /* MultilinesTests.xctest */;
			productType = "com.apple.product-type.bundle.unit-test";
		};
		53C04AA922AFA19300AE214A /* MultilinesUITests */ = {
			isa = PBXNativeTarget;
			buildConfigurationList = 53C04AB922AFA19300AE214A /* Build configuration list for PBXNativeTarget "MultilinesUITests" */;
			buildPhases = (
				8D871404603504DD7147434F /* [CP] Check Pods Manifest.lock */,
				53C04AA622AFA19300AE214A /* Sources */,
				53C04AA722AFA19300AE214A /* Frameworks */,
				53C04AA822AFA19300AE214A /* Resources */,
			);
			buildRules = (
			);
			dependencies = (
				53C04AAC22AFA19300AE214A /* PBXTargetDependency */,
			);
			name = MultilinesUITests;
			productName = MultilinesUITests;
			productReference = 53C04AAA22AFA19300AE214A /* MultilinesUITests.xctest */;
			productType = "com.apple.product-type.bundle.ui-testing";
		};
/* End PBXNativeTarget section */

/* Begin PBXProject section */
		53C04A8322AFA19100AE214A /* Project object */ = {
			isa = PBXProject;
			attributes = {
				LastSwiftUpdateCheck = 1020;
				LastUpgradeCheck = 1020;
				ORGANIZATIONNAME = tencent;
				TargetAttributes = {
					53C04A8A22AFA19100AE214A = {
						CreatedOnToolsVersion = 10.2.1;
					};
					53C04A9E22AFA19300AE214A = {
						CreatedOnToolsVersion = 10.2.1;
						TestTargetID = 53C04A8A22AFA19100AE214A;
					};
					53C04AA922AFA19300AE214A = {
						CreatedOnToolsVersion = 10.2.1;
						TestTargetID = 53C04A8A22AFA19100AE214A;
					};
				};
			};
			buildConfigurationList = 53C04A8622AFA19100AE214A /* Build configuration list for PBXProject "Multilines" */;
			compatibilityVersion = "Xcode 9.3";
			developmentRegion = en;
			hasScannedForEncodings = 0;
			knownRegions = (
				en,
				Base,
			);
			mainGroup = 53C04A8222AFA19100AE214A;
			productRefGroup = 53C04A8C22AFA19100AE214A /* Products */;
			projectDirPath = "";
			projectRoot = "";
			targets = (
				53C04A8A22AFA19100AE214A /* Multilines */,
				53C04A9E22AFA19300AE214A /* MultilinesTests */,
				53C04AA922AFA19300AE214A /* MultilinesUITests */,
			);
		};
/* End PBXProject section */

/* Begin PBXResourcesBuildPhase section */
		53C04A8922AFA19100AE214A /* Resources */ = {
			isa = PBXResourcesBuildPhase;
			buildActionMask = 2147483647;
			files = (
				53C04A9922AFA19300AE214A /* LaunchScreen.storyboard in Resources */,
				53C04A9622AFA19300AE214A /* Assets.xcassets in Resources */,
			);
			runOnlyForDeploymentPostprocessing = 0;
		};
		53C04A9D22AFA19300AE214A /* Resources */ = {
			isa = PBXResourcesBuildPhase;
			buildActionMask = 2147483647;
			files = (
			);
			runOnlyForDeploymentPostprocessing = 0;
		};
		53C04AA822AFA19300AE214A /* Resources */ = {
			isa = PBXResourcesBuildPhase;
			buildActionMask = 2147483647;
			files = (
			);
			runOnlyForDeploymentPostprocessing = 0;
		};
/* End PBXResourcesBuildPhase section */

/* Begin PBXShellScriptBuildPhase section */
		5F409239B8A80B7A8D99EA1F /* [CP] Check Pods Manifest.lock */ = {
			isa = PBXShellScriptBuildPhase;
			buildActionMask = 2147483647;
			files = (
			);
			inputFileListPaths = (
			);
			inputPaths = (
				"${PODS_PODFILE_DIR_PATH}/Podfile.lock",
				"${PODS_ROOT}/Manifest.lock",
			);
			name = "[CP] Check Pods Manifest.lock";
			outputFileListPaths = (
			);
			outputPaths = (
				"$(DERIVED_FILE_DIR)/Pods-Multilines-checkManifestLockResult.txt",
			);
			runOnlyForDeploymentPostprocessing = 0;
			shellPath = /bin/sh;
			shellScript = "diff \"${PODS_PODFILE_DIR_PATH}/Podfile.lock\" \"${PODS_ROOT}/Manifest.lock\" > /dev/null\nif [ $? != 0 ] ; then\n    # print error to STDERR\n    echo \"error: The sandbox is not in sync with the Podfile.lock. Run 'pod install' or update your CocoaPods installation.\" >&2\n    exit 1\nfi\n# This output is used by Xcode 'outputs' to avoid re-running this script phase.\necho \"SUCCESS\" > \"${SCRIPT_OUTPUT_FILE_0}\"\n";
			showEnvVarsInLog = 0;
		};
		8D871404603504DD7147434F /* [CP] Check Pods Manifest.lock */ = {
			isa = PBXShellScriptBuildPhase;
			buildActionMask = 2147483647;
			files = (
			);
			inputFileListPaths = (
			);
			inputPaths = (
				"${PODS_PODFILE_DIR_PATH}/Podfile.lock",
				"${PODS_ROOT}/Manifest.lock",
			);
			name = "[CP] Check Pods Manifest.lock";
			outputFileListPaths = (
			);
			outputPaths = (
				"$(DERIVED_FILE_DIR)/Pods-MultilinesUITests-checkManifestLockResult.txt",
			);
			runOnlyForDeploymentPostprocessing = 0;
			shellPath = /bin/sh;
			shellScript = "diff \"${PODS_PODFILE_DIR_PATH}/Podfile.lock\" \"${PODS_ROOT}/Manifest.lock\" > /dev/null\nif [ $? != 0 ] ; then\n    # print error to STDERR\n    echo \"error: The sandbox is not in sync with the Podfile.lock. Run 'pod install' or update your CocoaPods installation.\" >&2\n    exit 1\nfi\n# This output is used by Xcode 'outputs' to avoid re-running this script phase.\necho \"SUCCESS\" > \"${SCRIPT_OUTPUT_FILE_0}\"\n";
			showEnvVarsInLog = 0;
		};
		D747899809579F7416EFD800 /* [CP] Check Pods Manifest.lock */ = {
			isa = PBXShellScriptBuildPhase;
			buildActionMask = 2147483647;
			files = (
			);
			inputFileListPaths = (
			);
			inputPaths = (
				"${PODS_PODFILE_DIR_PATH}/Podfile.lock",
				"${PODS_ROOT}/Manifest.lock",
			);
			name = "[CP] Check Pods Manifest.lock";
			outputFileListPaths = (
			);
			outputPaths = (
				"$(DERIVED_FILE_DIR)/Pods-MultilinesTests-checkManifestLockResult.txt",
			);
			runOnlyForDeploymentPostprocessing = 0;
			shellPath = /bin/sh;
			shellScript = "diff \"${PODS_PODFILE_DIR_PATH}/Podfile.lock\" \"${PODS_ROOT}/Manifest.lock\" > /dev/null\nif [ $? != 0 ] ; then\n    # print error to STDERR\n    echo \"error: The sandbox is not in sync with the Podfile.lock. Run 'pod install' or update your CocoaPods installation.\" >&2\n    exit 1\nfi\n# This output is used by Xcode 'outputs' to avoid re-running this script phase.\necho \"SUCCESS\" > \"${SCRIPT_OUTPUT_FILE_0}\"\n";
			showEnvVarsInLog = 0;
		};
		FEFFCE85745BEADB4872CB89 /* [CP] Embed Pods Frameworks */ = {
			isa = PBXShellScriptBuildPhase;
			buildActionMask = 2147483647;
			files = (
			);
			inputFileListPaths = (
			);
			inputPaths = (
				"${PODS_ROOT}/Target Support Files/Pods-Multilines/Pods-Multilines-frameworks.sh",
				"${BUILT_PRODUCTS_DIR}/IGListKit/IGListKit.framework",
			);
			name = "[CP] Embed Pods Frameworks";
			outputFileListPaths = (
			);
			outputPaths = (
				"${TARGET_BUILD_DIR}/${FRAMEWORKS_FOLDER_PATH}/IGListKit.framework",
			);
			runOnlyForDeploymentPostprocessing = 0;
			shellPath = /bin/sh;
			shellScript = "\"${PODS_ROOT}/Target Support Files/Pods-Multilines/Pods-Multilines-frameworks.sh\"\n";
			showEnvVarsInLog = 0;
		};
/* End PBXShellScriptBuildPhase section */

/* Begin PBXSourcesBuildPhase section */
		53C04A8722AFA19100AE214A /* Sources */ = {
			isa = PBXSourcesBuildPhase;
			buildActionMask = 2147483647;
			files = (
				53C04A9122AFA19100AE214A /* ViewController.swift in Sources */,
				53C04A8F22AFA19100AE214A /* AppDelegate.swift in Sources */,
			);
			runOnlyForDeploymentPostprocessing = 0;
		};
		53C04A9B22AFA19300AE214A /* Sources */ = {
			isa = PBXSourcesBuildPhase;
			buildActionMask = 2147483647;
			files = (
				53C04AA422AFA19300AE214A /* MultilinesTests.swift in Sources */,
			);
			runOnlyForDeploymentPostprocessing = 0;
		};
		53C04AA622AFA19300AE214A /* Sources */ = {
			isa = PBXSourcesBuildPhase;
			buildActionMask = 2147483647;
			files = (
				53C04AAF22AFA19300AE214A /* MultilinesUITests.swift in Sources */,
			);
			runOnlyForDeploymentPostprocessing = 0;
		};
/* End PBXSourcesBuildPhase section */

/* Begin PBXTargetDependency section */
		53C04AA122AFA19300AE214A /* PBXTargetDependency */ = {
			isa = PBXTargetDependency;
			target = 53C04A8A22AFA19100AE214A /* Multilines */;
			targetProxy = 53C04AA022AFA19300AE214A /* PBXContainerItemProxy */;
		};
		53C04AAC22AFA19300AE214A /* PBXTargetDependency */ = {
			isa = PBXTargetDependency;
			target = 53C04A8A22AFA19100AE214A /* Multilines */;
			targetProxy = 53C04AAB22AFA19300AE214A /* PBXContainerItemProxy */;
		};
/* End PBXTargetDependency section */

/* Begin PBXVariantGroup section */
		53C04A9722AFA19300AE214A /* LaunchScreen.storyboard */ = {
			isa = PBXVariantGroup;
			children = (
				53C04A9822AFA19300AE214A /* Base */,
			);
			name = LaunchScreen.storyboard;
			sourceTree = "<group>";
		};
/* End PBXVariantGroup section */

/* Begin XCBuildConfiguration section */
		53C04AB122AFA19300AE214A /* Debug */ = {
			isa = XCBuildConfiguration;
			buildSettings = {
				ALWAYS_SEARCH_USER_PATHS = NO;
				CLANG_ANALYZER_NONNULL = YES;
				CLANG_ANALYZER_NUMBER_OBJECT_CONVERSION = YES_AGGRESSIVE;
				CLANG_CXX_LANGUAGE_STANDARD = "gnu++14";
				CLANG_CXX_LIBRARY = "libc++";
				CLANG_ENABLE_MODULES = YES;
				CLANG_ENABLE_OBJC_ARC = YES;
				CLANG_ENABLE_OBJC_WEAK = YES;
				CLANG_WARN_BLOCK_CAPTURE_AUTORELEASING = YES;
				CLANG_WARN_BOOL_CONVERSION = YES;
				CLANG_WARN_COMMA = YES;
				CLANG_WARN_CONSTANT_CONVERSION = YES;
				CLANG_WARN_DEPRECATED_OBJC_IMPLEMENTATIONS = YES;
				CLANG_WARN_DIRECT_OBJC_ISA_USAGE = YES_ERROR;
				CLANG_WARN_DOCUMENTATION_COMMENTS = YES;
				CLANG_WARN_EMPTY_BODY = YES;
				CLANG_WARN_ENUM_CONVERSION = YES;
				CLANG_WARN_INFINITE_RECURSION = YES;
				CLANG_WARN_INT_CONVERSION = YES;
				CLANG_WARN_NON_LITERAL_NULL_CONVERSION = YES;
				CLANG_WARN_OBJC_IMPLICIT_RETAIN_SELF = YES;
				CLANG_WARN_OBJC_LITERAL_CONVERSION = YES;
				CLANG_WARN_OBJC_ROOT_CLASS = YES_ERROR;
				CLANG_WARN_RANGE_LOOP_ANALYSIS = YES;
				CLANG_WARN_STRICT_PROTOTYPES = YES;
				CLANG_WARN_SUSPICIOUS_MOVE = YES;
				CLANG_WARN_UNGUARDED_AVAILABILITY = YES_AGGRESSIVE;
				CLANG_WARN_UNREACHABLE_CODE = YES;
				CLANG_WARN__DUPLICATE_METHOD_MATCH = YES;
				CODE_SIGN_IDENTITY = "iPhone Developer";
				COPY_PHASE_STRIP = NO;
				DEBUG_INFORMATION_FORMAT = dwarf;
				ENABLE_STRICT_OBJC_MSGSEND = YES;
				ENABLE_TESTABILITY = YES;
				GCC_C_LANGUAGE_STANDARD = gnu11;
				GCC_DYNAMIC_NO_PIC = NO;
				GCC_NO_COMMON_BLOCKS = YES;
				GCC_OPTIMIZATION_LEVEL = 0;
				GCC_PREPROCESSOR_DEFINITIONS = (
					"DEBUG=1",
					"$(inherited)",
				);
				GCC_WARN_64_TO_32_BIT_CONVERSION = YES;
				GCC_WARN_ABOUT_RETURN_TYPE = YES_ERROR;
				GCC_WARN_UNDECLARED_SELECTOR = YES;
				GCC_WARN_UNINITIALIZED_AUTOS = YES_AGGRESSIVE;
				GCC_WARN_UNUSED_FUNCTION = YES;
				GCC_WARN_UNUSED_VARIABLE = YES;
				IPHONEOS_DEPLOYMENT_TARGET = 12.2;
				MTL_ENABLE_DEBUG_INFO = INCLUDE_SOURCE;
				MTL_FAST_MATH = YES;
				ONLY_ACTIVE_ARCH = YES;
				SDKROOT = iphoneos;
				SWIFT_ACTIVE_COMPILATION_CONDITIONS = DEBUG;
				SWIFT_OPTIMIZATION_LEVEL = "-Onone";
			};
			name = Debug;
		};
		53C04AB222AFA19300AE214A /* Release */ = {
			isa = XCBuildConfiguration;
			buildSettings = {
				ALWAYS_SEARCH_USER_PATHS = NO;
				CLANG_ANALYZER_NONNULL = YES;
				CLANG_ANALYZER_NUMBER_OBJECT_CONVERSION = YES_AGGRESSIVE;
				CLANG_CXX_LANGUAGE_STANDARD = "gnu++14";
				CLANG_CXX_LIBRARY = "libc++";
				CLANG_ENABLE_MODULES = YES;
				CLANG_ENABLE_OBJC_ARC = YES;
				CLANG_ENABLE_OBJC_WEAK = YES;
				CLANG_WARN_BLOCK_CAPTURE_AUTORELEASING = YES;
				CLANG_WARN_BOOL_CONVERSION = YES;
				CLANG_WARN_COMMA = YES;
				CLANG_WARN_CONSTANT_CONVERSION = YES;
				CLANG_WARN_DEPRECATED_OBJC_IMPLEMENTATIONS = YES;
				CLANG_WARN_DIRECT_OBJC_ISA_USAGE = YES_ERROR;
				CLANG_WARN_DOCUMENTATION_COMMENTS = YES;
				CLANG_WARN_EMPTY_BODY = YES;
				CLANG_WARN_ENUM_CONVERSION = YES;
				CLANG_WARN_INFINITE_RECURSION = YES;
				CLANG_WARN_INT_CONVERSION = YES;
				CLANG_WARN_NON_LITERAL_NULL_CONVERSION = YES;
				CLANG_WARN_OBJC_IMPLICIT_RETAIN_SELF = YES;
				CLANG_WARN_OBJC_LITERAL_CONVERSION = YES;
				CLANG_WARN_OBJC_ROOT_CLASS = YES_ERROR;
				CLANG_WARN_RANGE_LOOP_ANALYSIS = YES;
				CLANG_WARN_STRICT_PROTOTYPES = YES;
				CLANG_WARN_SUSPICIOUS_MOVE = YES;
				CLANG_WARN_UNGUARDED_AVAILABILITY = YES_AGGRESSIVE;
				CLANG_WARN_UNREACHABLE_CODE = YES;
				CLANG_WARN__DUPLICATE_METHOD_MATCH = YES;
				CODE_SIGN_IDENTITY = "iPhone Developer";
				COPY_PHASE_STRIP = NO;
				DEBUG_INFORMATION_FORMAT = "dwarf-with-dsym";
				ENABLE_NS_ASSERTIONS = NO;
				ENABLE_STRICT_OBJC_MSGSEND = YES;
				GCC_C_LANGUAGE_STANDARD = gnu11;
				GCC_NO_COMMON_BLOCKS = YES;
				GCC_WARN_64_TO_32_BIT_CONVERSION = YES;
				GCC_WARN_ABOUT_RETURN_TYPE = YES_ERROR;
				GCC_WARN_UNDECLARED_SELECTOR = YES;
				GCC_WARN_UNINITIALIZED_AUTOS = YES_AGGRESSIVE;
				GCC_WARN_UNUSED_FUNCTION = YES;
				GCC_WARN_UNUSED_VARIABLE = YES;
				IPHONEOS_DEPLOYMENT_TARGET = 12.2;
				MTL_ENABLE_DEBUG_INFO = NO;
				MTL_FAST_MATH = YES;
				SDKROOT = iphoneos;
				SWIFT_COMPILATION_MODE = wholemodule;
				SWIFT_OPTIMIZATION_LEVEL = "-O";
				VALIDATE_PRODUCT = YES;
			};
			name = Release;
		};
		53C04AB422AFA19300AE214A /* Debug */ = {
			isa = XCBuildConfiguration;
			baseConfigurationReference = 3A3E7A38635ED8D870C66485 /* Pods-Multilines.debug.xcconfig */;
			buildSettings = {
				ASSETCATALOG_COMPILER_APPICON_NAME = AppIcon;
				CODE_SIGN_STYLE = Automatic;
				INFOPLIST_FILE = Multilines/Info.plist;
				IPHONEOS_DEPLOYMENT_TARGET = 9.0;
				LD_RUNPATH_SEARCH_PATHS = (
					"$(inherited)",
					"@executable_path/Frameworks",
				);
				PRODUCT_BUNDLE_IDENTIFIER = tencent.com.Multilines;
				PRODUCT_NAME = "$(TARGET_NAME)";
				SWIFT_VERSION = 5.0;
				TARGETED_DEVICE_FAMILY = "1,2";
			};
			name = Debug;
		};
		53C04AB522AFA19300AE214A /* Release */ = {
			isa = XCBuildConfiguration;
			baseConfigurationReference = 8FE7C343D234D6D197B67005 /* Pods-Multilines.release.xcconfig */;
			buildSettings = {
				ASSETCATALOG_COMPILER_APPICON_NAME = AppIcon;
				CODE_SIGN_STYLE = Automatic;
				INFOPLIST_FILE = Multilines/Info.plist;
				IPHONEOS_DEPLOYMENT_TARGET = 9.0;
				LD_RUNPATH_SEARCH_PATHS = (
					"$(inherited)",
					"@executable_path/Frameworks",
				);
				PRODUCT_BUNDLE_IDENTIFIER = tencent.com.Multilines;
				PRODUCT_NAME = "$(TARGET_NAME)";
				SWIFT_VERSION = 5.0;
				TARGETED_DEVICE_FAMILY = "1,2";
			};
			name = Release;
		};
		53C04AB722AFA19300AE214A /* Debug */ = {
			isa = XCBuildConfiguration;
			baseConfigurationReference = E6576B8E404ACDDF11791A1D /* Pods-MultilinesTests.debug.xcconfig */;
			buildSettings = {
				ALWAYS_EMBED_SWIFT_STANDARD_LIBRARIES = YES;
				BUNDLE_LOADER = "$(TEST_HOST)";
				CODE_SIGN_STYLE = Automatic;
				INFOPLIST_FILE = MultilinesTests/Info.plist;
				LD_RUNPATH_SEARCH_PATHS = (
					"$(inherited)",
					"@executable_path/Frameworks",
					"@loader_path/Frameworks",
				);
				PRODUCT_BUNDLE_IDENTIFIER = tencent.com.MultilinesTests;
				PRODUCT_NAME = "$(TARGET_NAME)";
				SWIFT_VERSION = 5.0;
				TARGETED_DEVICE_FAMILY = "1,2";
				TEST_HOST = "$(BUILT_PRODUCTS_DIR)/Multilines.app/Multilines";
			};
			name = Debug;
		};
		53C04AB822AFA19300AE214A /* Release */ = {
			isa = XCBuildConfiguration;
			baseConfigurationReference = 830358BA821459FF07FE0510 /* Pods-MultilinesTests.release.xcconfig */;
			buildSettings = {
				ALWAYS_EMBED_SWIFT_STANDARD_LIBRARIES = YES;
				BUNDLE_LOADER = "$(TEST_HOST)";
				CODE_SIGN_STYLE = Automatic;
				INFOPLIST_FILE = MultilinesTests/Info.plist;
				LD_RUNPATH_SEARCH_PATHS = (
					"$(inherited)",
					"@executable_path/Frameworks",
					"@loader_path/Frameworks",
				);
				PRODUCT_BUNDLE_IDENTIFIER = tencent.com.MultilinesTests;
				PRODUCT_NAME = "$(TARGET_NAME)";
				SWIFT_VERSION = 5.0;
				TARGETED_DEVICE_FAMILY = "1,2";
				TEST_HOST = "$(BUILT_PRODUCTS_DIR)/Multilines.app/Multilines";
			};
			name = Release;
		};
		53C04ABA22AFA19300AE214A /* Debug */ = {
			isa = XCBuildConfiguration;
			baseConfigurationReference = AEB18F77F9436F5979D94D37 /* Pods-MultilinesUITests.debug.xcconfig */;
			buildSettings = {
				ALWAYS_EMBED_SWIFT_STANDARD_LIBRARIES = YES;
				CODE_SIGN_STYLE = Automatic;
				INFOPLIST_FILE = MultilinesUITests/Info.plist;
				LD_RUNPATH_SEARCH_PATHS = (
					"$(inherited)",
					"@executable_path/Frameworks",
					"@loader_path/Frameworks",
				);
				PRODUCT_BUNDLE_IDENTIFIER = tencent.com.MultilinesUITests;
				PRODUCT_NAME = "$(TARGET_NAME)";
				SWIFT_VERSION = 5.0;
				TARGETED_DEVICE_FAMILY = "1,2";
				TEST_TARGET_NAME = Multilines;
			};
			name = Debug;
		};
		53C04ABB22AFA19300AE214A /* Release */ = {
			isa = XCBuildConfiguration;
			baseConfigurationReference = 333D78875F6B4A3C1AE30F4B /* Pods-MultilinesUITests.release.xcconfig */;
			buildSettings = {
				ALWAYS_EMBED_SWIFT_STANDARD_LIBRARIES = YES;
				CODE_SIGN_STYLE = Automatic;
				INFOPLIST_FILE = MultilinesUITests/Info.plist;
				LD_RUNPATH_SEARCH_PATHS = (
					"$(inherited)",
					"@executable_path/Frameworks",
					"@loader_path/Frameworks",
				);
				PRODUCT_BUNDLE_IDENTIFIER = tencent.com.MultilinesUITests;
				PRODUCT_NAME = "$(TARGET_NAME)";
				SWIFT_VERSION = 5.0;
				TARGETED_DEVICE_FAMILY = "1,2";
				TEST_TARGET_NAME = Multilines;
			};
			name = Release;
		};
/* End XCBuildConfiguration section */

/* Begin XCConfigurationList section */
		53C04A8622AFA19100AE214A /* Build configuration list for PBXProject "Multilines" */ = {
			isa = XCConfigurationList;
			buildConfigurations = (
				53C04AB122AFA19300AE214A /* Debug */,
				53C04AB222AFA19300AE214A /* Release */,
			);
			defaultConfigurationIsVisible = 0;
			defaultConfigurationName = Release;
		};
		53C04AB322AFA19300AE214A /* Build configuration list for PBXNativeTarget "Multilines" */ = {
			isa = XCConfigurationList;
			buildConfigurations = (
				53C04AB422AFA19300AE214A /* Debug */,
				53C04AB522AFA19300AE214A /* Release */,
			);
			defaultConfigurationIsVisible = 0;
			defaultConfigurationName = Release;
		};
		53C04AB622AFA19300AE214A /* Build configuration list for PBXNativeTarget "MultilinesTests" */ = {
			isa = XCConfigurationList;
			buildConfigurations = (
				53C04AB722AFA19300AE214A /* Debug */,
				53C04AB822AFA19300AE214A /* Release */,
			);
			defaultConfigurationIsVisible = 0;
			defaultConfigurationName = Release;
		};
		53C04AB922AFA19300AE214A /* Build configuration list for PBXNativeTarget "MultilinesUITests" */ = {
			isa = XCConfigurationList;
			buildConfigurations = (
				53C04ABA22AFA19300AE214A /* Debug */,
				53C04ABB22AFA19300AE214A /* Release */,
			);
			defaultConfigurationIsVisible = 0;
			defaultConfigurationName = Release;
		};
/* End XCConfigurationList section */
	};
	rootObject = 53C04A8322AFA19100AE214A /* Project object */;
}
