// !$*UTF8*$!
{
	archiveVersion = 1;
	classes = {
	};
	objectVersion = 50;
	objects = {

/* Begin PBXBuildFile section */
		538E2596230BE2E00050ADDB /* AppDelegate.swift in Sources */ = {isa = PBXBuildFile; fileRef = 538E2595230BE2E00050ADDB /* AppDelegate.swift */; };
		538E2598230BE2E00050ADDB /* ViewController.swift in Sources */ = {isa = PBXBuildFile; fileRef = 538E2597230BE2E00050ADDB /* ViewController.swift */; };
		538E259B230BE2E00050ADDB /* Main.storyboard in Resources */ = {isa = PBXBuildFile; fileRef = 538E2599230BE2E00050ADDB /* Main.storyboard */; };
		538E259D230BE2E10050ADDB /* Assets.xcassets in Resources */ = {isa = PBXBuildFile; fileRef = 538E259C230BE2E10050ADDB /* Assets.xcassets */; };
		538E25A0230BE2E10050ADDB /* LaunchScreen.storyboard in Resources */ = {isa = PBXBuildFile; fileRef = 538E259E230BE2E10050ADDB /* LaunchScreen.storyboard */; };
		600FF37A28DA02D80D7834D3 /* Pods_rxswift_learn.framework in Frameworks */ = {isa = PBXBuildFile; fileRef = 2453867DE03077C57330E99F /* Pods_rxswift_learn.framework */; };
/* End PBXBuildFile section */

/* Begin PBXFileReference section */
		2453867DE03077C57330E99F /* Pods_rxswift_learn.framework */ = {isa = PBXFileReference; explicitFileType = wrapper.framework; includeInIndex = 0; path = Pods_rxswift_learn.framework; sourceTree = BUILT_PRODUCTS_DIR; };
		538E2592230BE2E00050ADDB /* rxswift_learn.app */ = {isa = PBXFileReference; explicitFileType = wrapper.application; includeInIndex = 0; path = rxswift_learn.app; sourceTree = BUILT_PRODUCTS_DIR; };
		538E2595230BE2E00050ADDB /* AppDelegate.swift */ = {isa = PBXFileReference; lastKnownFileType = sourcecode.swift; path = AppDelegate.swift; sourceTree = "<group>"; };
		538E2597230BE2E00050ADDB /* ViewController.swift */ = {isa = PBXFileReference; lastKnownFileType = sourcecode.swift; path = ViewController.swift; sourceTree = "<group>"; };
		538E259A230BE2E00050ADDB /* Base */ = {isa = PBXFileReference; lastKnownFileType = file.storyboard; name = Base; path = Base.lproj/Main.storyboard; sourceTree = "<group>"; };
		538E259C230BE2E10050ADDB /* Assets.xcassets */ = {isa = PBXFileReference; lastKnownFileType = folder.assetcatalog; path = Assets.xcassets; sourceTree = "<group>"; };
		538E259F230BE2E10050ADDB /* Base */ = {isa = PBXFileReference; lastKnownFileType = file.storyboard; name = Base; path = Base.lproj/LaunchScreen.storyboard; sourceTree = "<group>"; };
		538E25A1230BE2E10050ADDB /* Info.plist */ = {isa = PBXFileReference; lastKnownFileType = text.plist.xml; path = Info.plist; sourceTree = "<group>"; };
		900A7A9CDD79673DA1855E6B /* Pods-rxswift_learn.release.xcconfig */ = {isa = PBXFileReference; includeInIndex = 1; lastKnownFileType = text.xcconfig; name = "Pods-rxswift_learn.release.xcconfig"; path = "Pods/Target Support Files/Pods-rxswift_learn/Pods-rxswift_learn.release.xcconfig"; sourceTree = "<group>"; };
		97C843FFDD488CC04A98CDE0 /* Pods-rxswift_learn.debug.xcconfig */ = {isa = PBXFileReference; includeInIndex = 1; lastKnownFileType = text.xcconfig; name = "Pods-rxswift_learn.debug.xcconfig"; path = "Pods/Target Support Files/Pods-rxswift_learn/Pods-rxswift_learn.debug.xcconfig"; sourceTree = "<group>"; };
/* End PBXFileReference section */

/* Begin PBXFrameworksBuildPhase section */
		538E258F230BE2E00050ADDB /* Frameworks */ = {
			isa = PBXFrameworksBuildPhase;
			buildActionMask = 2147483647;
			files = (
				600FF37A28DA02D80D7834D3 /* Pods_rxswift_learn.framework in Frameworks */,
			);
			runOnlyForDeploymentPostprocessing = 0;
		};
/* End PBXFrameworksBuildPhase section */

/* Begin PBXGroup section */
		276F17D0E23BDF559ADFD164 /* Frameworks */ = {
			isa = PBXGroup;
			children = (
				2453867DE03077C57330E99F /* Pods_rxswift_learn.framework */,
			);
			name = Frameworks;
			sourceTree = "<group>";
		};
		538E2589230BE2E00050ADDB = {
			isa = PBXGroup;
			children = (
				538E2594230BE2E00050ADDB /* rxswift_learn */,
				538E2593230BE2E00050ADDB /* Products */,
				E7D0B3A90D5CFC5F52135A4B /* Pods */,
				276F17D0E23BDF559ADFD164 /* Frameworks */,
			);
			sourceTree = "<group>";
		};
		538E2593230BE2E00050ADDB /* Products */ = {
			isa = PBXGroup;
			children = (
				538E2592230BE2E00050ADDB /* rxswift_learn.app */,
			);
			name = Products;
			sourceTree = "<group>";
		};
		538E2594230BE2E00050ADDB /* rxswift_learn */ = {
			isa = PBXGroup;
			children = (
				538E2595230BE2E00050ADDB /* AppDelegate.swift */,
				538E2597230BE2E00050ADDB /* ViewController.swift */,
				538E2599230BE2E00050ADDB /* Main.storyboard */,
				538E259C230BE2E10050ADDB /* Assets.xcassets */,
				538E259E230BE2E10050ADDB /* LaunchScreen.storyboard */,
				538E25A1230BE2E10050ADDB /* Info.plist */,
			);
			path = rxswift_learn;
			sourceTree = "<group>";
		};
		E7D0B3A90D5CFC5F52135A4B /* Pods */ = {
			isa = PBXGroup;
			children = (
				97C843FFDD488CC04A98CDE0 /* Pods-rxswift_learn.debug.xcconfig */,
				900A7A9CDD79673DA1855E6B /* Pods-rxswift_learn.release.xcconfig */,
			);
			name = Pods;
			sourceTree = "<group>";
		};
/* End PBXGroup section */

/* Begin PBXNativeTarget section */
		538E2591230BE2E00050ADDB /* rxswift_learn */ = {
			isa = PBXNativeTarget;
			buildConfigurationList = 538E25A4230BE2E10050ADDB /* Build configuration list for PBXNativeTarget "rxswift_learn" */;
			buildPhases = (
				1E4F216B1FF2A09BC4CE7C81 /* [CP] Check Pods Manifest.lock */,
				538E258E230BE2E00050ADDB /* Sources */,
				538E258F230BE2E00050ADDB /* Frameworks */,
				538E2590230BE2E00050ADDB /* Resources */,
				3B33DED2A2611AEA2B115E71 /* [CP] Embed Pods Frameworks */,
			);
			buildRules = (
			);
			dependencies = (
			);
			name = rxswift_learn;
			productName = rxswift_learn;
			productReference = 538E2592230BE2E00050ADDB /* rxswift_learn.app */;
			productType = "com.apple.product-type.application";
		};
/* End PBXNativeTarget section */

/* Begin PBXProject section */
		538E258A230BE2E00050ADDB /* Project object */ = {
			isa = PBXProject;
			attributes = {
				LastSwiftUpdateCheck = 1030;
				LastUpgradeCheck = 1030;
				ORGANIZATIONNAME = tencent;
				TargetAttributes = {
					538E2591230BE2E00050ADDB = {
						CreatedOnToolsVersion = 10.3;
					};
				};
			};
			buildConfigurationList = 538E258D230BE2E00050ADDB /* Build configuration list for PBXProject "rxswift_learn" */;
			compatibilityVersion = "Xcode 9.3";
			developmentRegion = en;
			hasScannedForEncodings = 0;
			knownRegions = (
				en,
				Base,
			);
			mainGroup = 538E2589230BE2E00050ADDB;
			productRefGroup = 538E2593230BE2E00050ADDB /* Products */;
			projectDirPath = "";
			projectRoot = "";
			targets = (
				538E2591230BE2E00050ADDB /* rxswift_learn */,
			);
		};
/* End PBXProject section */

/* Begin PBXResourcesBuildPhase section */
		538E2590230BE2E00050ADDB /* Resources */ = {
			isa = PBXResourcesBuildPhase;
			buildActionMask = 2147483647;
			files = (
				538E25A0230BE2E10050ADDB /* LaunchScreen.storyboard in Resources */,
				538E259D230BE2E10050ADDB /* Assets.xcassets in Resources */,
				538E259B230BE2E00050ADDB /* Main.storyboard in Resources */,
			);
			runOnlyForDeploymentPostprocessing = 0;
		};
/* End PBXResourcesBuildPhase section */

/* Begin PBXShellScriptBuildPhase section */
		1E4F216B1FF2A09BC4CE7C81 /* [CP] Check Pods Manifest.lock */ = {
			isa = PBXShellScriptBuildPhase;
			buildActionMask = 2147483647;
			files = (
			);
			inputPaths = (
				"${PODS_PODFILE_DIR_PATH}/Podfile.lock",
				"${PODS_ROOT}/Manifest.lock",
			);
			name = "[CP] Check Pods Manifest.lock";
			outputPaths = (
				"$(DERIVED_FILE_DIR)/Pods-rxswift_learn-checkManifestLockResult.txt",
			);
			runOnlyForDeploymentPostprocessing = 0;
			shellPath = /bin/sh;
			shellScript = "diff \"${PODS_PODFILE_DIR_PATH}/Podfile.lock\" \"${PODS_ROOT}/Manifest.lock\" > /dev/null\nif [ $? != 0 ] ; then\n    # print error to STDERR\n    echo \"error: The sandbox is not in sync with the Podfile.lock. Run 'pod install' or update your CocoaPods installation.\" >&2\n    exit 1\nfi\n# This output is used by Xcode 'outputs' to avoid re-running this script phase.\necho \"SUCCESS\" > \"${SCRIPT_OUTPUT_FILE_0}\"\n";
			showEnvVarsInLog = 0;
		};
		3B33DED2A2611AEA2B115E71 /* [CP] Embed Pods Frameworks */ = {
			isa = PBXShellScriptBuildPhase;
			buildActionMask = 2147483647;
			files = (
			);
			inputPaths = (
				"${SRCROOT}/Pods/Target Support Files/Pods-rxswift_learn/Pods-rxswift_learn-frameworks.sh",
				"${BUILT_PRODUCTS_DIR}/RxCocoa/RxCocoa.framework",
				"${BUILT_PRODUCTS_DIR}/RxRelay/RxRelay.framework",
				"${BUILT_PRODUCTS_DIR}/RxSwift/RxSwift.framework",
			);
			name = "[CP] Embed Pods Frameworks";
			outputPaths = (
				"${TARGET_BUILD_DIR}/${FRAMEWORKS_FOLDER_PATH}/RxCocoa.framework",
				"${TARGET_BUILD_DIR}/${FRAMEWORKS_FOLDER_PATH}/RxRelay.framework",
				"${TARGET_BUILD_DIR}/${FRAMEWORKS_FOLDER_PATH}/RxSwift.framework",
			);
			runOnlyForDeploymentPostprocessing = 0;
			shellPath = /bin/sh;
			shellScript = "\"${SRCROOT}/Pods/Target Support Files/Pods-rxswift_learn/Pods-rxswift_learn-frameworks.sh\"\n";
			showEnvVarsInLog = 0;
		};
/* End PBXShellScriptBuildPhase section */

/* Begin PBXSourcesBuildPhase section */
		538E258E230BE2E00050ADDB /* Sources */ = {
			isa = PBXSourcesBuildPhase;
			buildActionMask = 2147483647;
			files = (
				538E2598230BE2E00050ADDB /* ViewController.swift in Sources */,
				538E2596230BE2E00050ADDB /* AppDelegate.swift in Sources */,
			);
			runOnlyForDeploymentPostprocessing = 0;
		};
/* End PBXSourcesBuildPhase section */

/* Begin PBXVariantGroup section */
		538E2599230BE2E00050ADDB /* Main.storyboard */ = {
			isa = PBXVariantGroup;
			children = (
				538E259A230BE2E00050ADDB /* Base */,
			);
			name = Main.storyboard;
			sourceTree = "<group>";
		};
		538E259E230BE2E10050ADDB /* LaunchScreen.storyboard */ = {
			isa = PBXVariantGroup;
			children = (
				538E259F230BE2E10050ADDB /* Base */,
			);
			name = LaunchScreen.storyboard;
			sourceTree = "<group>";
		};
/* End PBXVariantGroup section */

/* Begin XCBuildConfiguration section */
		538E25A2230BE2E10050ADDB /* Debug */ = {
			isa = XCBuildConfiguration;
			buildSettings = {
				ALWAYS_SEARCH_USER_PATHS = NO;
				CLANG_ANALYZER_NONNULL = YES;
				CLANG_ANALYZER_NUMBER_OBJECT_CONVERSION = YES_AGGRESSIVE;
				CLANG_CXX_LANGUAGE_STANDARD = "gnu++14";
				CLANG_CXX_LIBRARY = "libc++";
				CLANG_ENABLE_MODULES = YES;
				CLANG_ENABLE_OBJC_ARC = YES;
				CLANG_ENABLE_OBJC_WEAK = YES;
				CLANG_WARN_BLOCK_CAPTURE_AUTORELEASING = YES;
				CLANG_WARN_BOOL_CONVERSION = YES;
				CLANG_WARN_COMMA = YES;
				CLANG_WARN_CONSTANT_CONVERSION = YES;
				CLANG_WARN_DEPRECATED_OBJC_IMPLEMENTATIONS = YES;
				CLANG_WARN_DIRECT_OBJC_ISA_USAGE = YES_ERROR;
				CLANG_WARN_DOCUMENTATION_COMMENTS = YES;
				CLANG_WARN_EMPTY_BODY = YES;
				CLANG_WARN_ENUM_CONVERSION = YES;
				CLANG_WARN_INFINITE_RECURSION = YES;
				CLANG_WARN_INT_CONVERSION = YES;
				CLANG_WARN_NON_LITERAL_NULL_CONVERSION = YES;
				CLANG_WARN_OBJC_IMPLICIT_RETAIN_SELF = YES;
				CLANG_WARN_OBJC_LITERAL_CONVERSION = YES;
				CLANG_WARN_OBJC_ROOT_CLASS = YES_ERROR;
				CLANG_WARN_RANGE_LOOP_ANALYSIS = YES;
				CLANG_WARN_STRICT_PROTOTYPES = YES;
				CLANG_WARN_SUSPICIOUS_MOVE = YES;
				CLANG_WARN_UNGUARDED_AVAILABILITY = YES_AGGRESSIVE;
				CLANG_WARN_UNREACHABLE_CODE = YES;
				CLANG_WARN__DUPLICATE_METHOD_MATCH = YES;
				CODE_SIGN_IDENTITY = "iPhone Developer";
				COPY_PHASE_STRIP = NO;
				DEBUG_INFORMATION_FORMAT = dwarf;
				ENABLE_STRICT_OBJC_MSGSEND = YES;
				ENABLE_TESTABILITY = YES;
				GCC_C_LANGUAGE_STANDARD = gnu11;
				GCC_DYNAMIC_NO_PIC = NO;
				GCC_NO_COMMON_BLOCKS = YES;
				GCC_OPTIMIZATION_LEVEL = 0;
				GCC_PREPROCESSOR_DEFINITIONS = (
					"DEBUG=1",
					"$(inherited)",
				);
				GCC_WARN_64_TO_32_BIT_CONVERSION = YES;
				GCC_WARN_ABOUT_RETURN_TYPE = YES_ERROR;
				GCC_WARN_UNDECLARED_SELECTOR = YES;
				GCC_WARN_UNINITIALIZED_AUTOS = YES_AGGRESSIVE;
				GCC_WARN_UNUSED_FUNCTION = YES;
				GCC_WARN_UNUSED_VARIABLE = YES;
				IPHONEOS_DEPLOYMENT_TARGET = 12.4;
				MTL_ENABLE_DEBUG_INFO = INCLUDE_SOURCE;
				MTL_FAST_MATH = YES;
				ONLY_ACTIVE_ARCH = YES;
				SDKROOT = iphoneos;
				SWIFT_ACTIVE_COMPILATION_CONDITIONS = DEBUG;
				SWIFT_OPTIMIZATION_LEVEL = "-Onone";
			};
			name = Debug;
		};
		538E25A3230BE2E10050ADDB /* Release */ = {
			isa = XCBuildConfiguration;
			buildSettings = {
				ALWAYS_SEARCH_USER_PATHS = NO;
				CLANG_ANALYZER_NONNULL = YES;
				CLANG_ANALYZER_NUMBER_OBJECT_CONVERSION = YES_AGGRESSIVE;
				CLANG_CXX_LANGUAGE_STANDARD = "gnu++14";
				CLANG_CXX_LIBRARY = "libc++";
				CLANG_ENABLE_MODULES = YES;
				CLANG_ENABLE_OBJC_ARC = YES;
				CLANG_ENABLE_OBJC_WEAK = YES;
				CLANG_WARN_BLOCK_CAPTURE_AUTORELEASING = YES;
				CLANG_WARN_BOOL_CONVERSION = YES;
				CLANG_WARN_COMMA = YES;
				CLANG_WARN_CONSTANT_CONVERSION = YES;
				CLANG_WARN_DEPRECATED_OBJC_IMPLEMENTATIONS = YES;
				CLANG_WARN_DIRECT_OBJC_ISA_USAGE = YES_ERROR;
				CLANG_WARN_DOCUMENTATION_COMMENTS = YES;
				CLANG_WARN_EMPTY_BODY = YES;
				CLANG_WARN_ENUM_CONVERSION = YES;
				CLANG_WARN_INFINITE_RECURSION = YES;
				CLANG_WARN_INT_CONVERSION = YES;
				CLANG_WARN_NON_LITERAL_NULL_CONVERSION = YES;
				CLANG_WARN_OBJC_IMPLICIT_RETAIN_SELF = YES;
				CLANG_WARN_OBJC_LITERAL_CONVERSION = YES;
				CLANG_WARN_OBJC_ROOT_CLASS = YES_ERROR;
				CLANG_WARN_RANGE_LOOP_ANALYSIS = YES;
				CLANG_WARN_STRICT_PROTOTYPES = YES;
				CLANG_WARN_SUSPICIOUS_MOVE = YES;
				CLANG_WARN_UNGUARDED_AVAILABILITY = YES_AGGRESSIVE;
				CLANG_WARN_UNREACHABLE_CODE = YES;
				CLANG_WARN__DUPLICATE_METHOD_MATCH = YES;
				CODE_SIGN_IDENTITY = "iPhone Developer";
				COPY_PHASE_STRIP = NO;
				DEBUG_INFORMATION_FORMAT = "dwarf-with-dsym";
				ENABLE_NS_ASSERTIONS = NO;
				ENABLE_STRICT_OBJC_MSGSEND = YES;
				GCC_C_LANGUAGE_STANDARD = gnu11;
				GCC_NO_COMMON_BLOCKS = YES;
				GCC_WARN_64_TO_32_BIT_CONVERSION = YES;
				GCC_WARN_ABOUT_RETURN_TYPE = YES_ERROR;
				GCC_WARN_UNDECLARED_SELECTOR = YES;
				GCC_WARN_UNINITIALIZED_AUTOS = YES_AGGRESSIVE;
				GCC_WARN_UNUSED_FUNCTION = YES;
				GCC_WARN_UNUSED_VARIABLE = YES;
				IPHONEOS_DEPLOYMENT_TARGET = 12.4;
				MTL_ENABLE_DEBUG_INFO = NO;
				MTL_FAST_MATH = YES;
				SDKROOT = iphoneos;
				SWIFT_COMPILATION_MODE = wholemodule;
				SWIFT_OPTIMIZATION_LEVEL = "-O";
				VALIDATE_PRODUCT = YES;
			};
			name = Release;
		};
		538E25A5230BE2E10050ADDB /* Debug */ = {
			isa = XCBuildConfiguration;
			baseConfigurationReference = 97C843FFDD488CC04A98CDE0 /* Pods-rxswift_learn.debug.xcconfig */;
			buildSettings = {
				ASSETCATALOG_COMPILER_APPICON_NAME = AppIcon;
				CODE_SIGN_STYLE = Automatic;
				INFOPLIST_FILE = rxswift_learn/Info.plist;
				LD_RUNPATH_SEARCH_PATHS = (
					"$(inherited)",
					"@executable_path/Frameworks",
				);
				PRODUCT_BUNDLE_IDENTIFIER = "tencent.com.rxswift-learn";
				PRODUCT_NAME = "$(TARGET_NAME)";
				SWIFT_VERSION = 5.0;
				TARGETED_DEVICE_FAMILY = "1,2";
			};
			name = Debug;
		};
		538E25A6230BE2E10050ADDB /* Release */ = {
			isa = XCBuildConfiguration;
			baseConfigurationReference = 900A7A9CDD79673DA1855E6B /* Pods-rxswift_learn.release.xcconfig */;
			buildSettings = {
				ASSETCATALOG_COMPILER_APPICON_NAME = AppIcon;
				CODE_SIGN_STYLE = Automatic;
				INFOPLIST_FILE = rxswift_learn/Info.plist;
				LD_RUNPATH_SEARCH_PATHS = (
					"$(inherited)",
					"@executable_path/Frameworks",
				);
				PRODUCT_BUNDLE_IDENTIFIER = "tencent.com.rxswift-learn";
				PRODUCT_NAME = "$(TARGET_NAME)";
				SWIFT_VERSION = 5.0;
				TARGETED_DEVICE_FAMILY = "1,2";
			};
			name = Release;
		};
/* End XCBuildConfiguration section */

/* Begin XCConfigurationList section */
		538E258D230BE2E00050ADDB /* Build configuration list for PBXProject "rxswift_learn" */ = {
			isa = XCConfigurationList;
			buildConfigurations = (
				538E25A2230BE2E10050ADDB /* Debug */,
				538E25A3230BE2E10050ADDB /* Release */,
			);
			defaultConfigurationIsVisible = 0;
			defaultConfigurationName = Release;
		};
		538E25A4230BE2E10050ADDB /* Build configuration list for PBXNativeTarget "rxswift_learn" */ = {
			isa = XCConfigurationList;
			buildConfigurations = (
				538E25A5230BE2E10050ADDB /* Debug */,
				538E25A6230BE2E10050ADDB /* Release */,
			);
			defaultConfigurationIsVisible = 0;
			defaultConfigurationName = Release;
		};
/* End XCConfigurationList section */
	};
	rootObject = 538E258A230BE2E00050ADDB /* Project object */;
}
